
Microsoft Visual Studio Solution File, Format Version 12.00
# Visual Studio Version 17
VisualStudioVersion = 17.1.32210.238
MinimumVisualStudioVersion = 10.0.40219.1
Project("{FAE04EC0-301F-11D3-BF4B-00C04F79EFBC}") = "modul8_1302204110", "modul8_1302204110\modul8_1302204110.csproj", "{CF0DE6DB-DFF1-4CBC-BA50-FD86670824F5}"
EndProject
Global
	GlobalSection(SolutionConfigurationPlatforms) = preSolution
		Debug|Any CPU = Debug|Any CPU
		Release|Any CPU = Release|Any CPU
	EndGlobalSection
	GlobalSection(ProjectConfigurationPlatforms) = postSolution
		{CF0DE6DB-DFF1-4CBC-BA50-FD86670824F5}.Debug|Any CPU.ActiveCfg = Debug|Any CPU
		{CF0DE6DB-DFF1-4CBC-BA50-FD86670824F5}.Debug|Any CPU.Build.0 = Debug|Any CPU
		{CF0DE6DB-DFF1-4CBC-BA50-FD86670824F5}.Release|Any CPU.ActiveCfg = Release|Any CPU
		{CF0DE6DB-DFF1-4CBC-BA50-FD86670824F5}.Release|Any CPU.Build.0 = Release|Any CPU
	EndGlobalSection
	GlobalSection(SolutionProperties) = preSolution
		HideSolutionNode = FALSE
	EndGlobalSection
	GlobalSection(ExtensibilityGlobals) = postSolution
		SolutionGuid = {26A98B51-A801-433B-8791-8D08E96D138D}
	EndGlobalSection
EndGlobal
